
Microsoft Visual Studio Solution File, Format Version 12.00
# Visual Studio Version 17
VisualStudioVersion = 17.5.2.0
MinimumVisualStudioVersion = 10.0.40219.1
Project("{FAE04EC0-301F-11D3-BF4B-00C04F79EFBC}") = "backend", "backend\backend.csproj", "{B5CEE1AB-68C5-FCEC-EA61-653FFB609ED2}"
EndProject
Project("{FAE04EC0-301F-11D3-BF4B-00C04F79EFBC}") = "backend-test", "backend-test\backend-test.csproj", "{1733E486-D230-4DEB-B680-394C38D83F9B}"
EndProject
Project("{FAE04EC0-301F-11D3-BF4B-00C04F79EFBC}") = "backend-providerService-test", "backend-providerService-test\backend-providerService-test.csproj", "{1E5E24AB-6CCF-422B-8BA3-39220D932A64}"
EndProject
Global
	GlobalSection(SolutionConfigurationPlatforms) = preSolution
		Debug|Any CPU = Debug|Any CPU
		Debug|x64 = Debug|x64
		Debug|x86 = Debug|x86
		Release|Any CPU = Release|Any CPU
		Release|x64 = Release|x64
		Release|x86 = Release|x86
	EndGlobalSection
	GlobalSection(ProjectConfigurationPlatforms) = postSolution
		{B5CEE1AB-68C5-FCEC-EA61-653FFB609ED2}.Debug|Any CPU.ActiveCfg = Debug|Any CPU
		{B5CEE1AB-68C5-FCEC-EA61-653FFB609ED2}.Debug|Any CPU.Build.0 = Debug|Any CPU
		{B5CEE1AB-68C5-FCEC-EA61-653FFB609ED2}.Debug|x64.ActiveCfg = Debug|Any CPU
		{B5CEE1AB-68C5-FCEC-EA61-653FFB609ED2}.Debug|x64.Build.0 = Debug|Any CPU
		{B5CEE1AB-68C5-FCEC-EA61-653FFB609ED2}.Debug|x86.ActiveCfg = Debug|Any CPU
		{B5CEE1AB-68C5-FCEC-EA61-653FFB609ED2}.Debug|x86.Build.0 = Debug|Any CPU
		{B5CEE1AB-68C5-FCEC-EA61-653FFB609ED2}.Release|Any CPU.ActiveCfg = Release|Any CPU
		{B5CEE1AB-68C5-FCEC-EA61-653FFB609ED2}.Release|Any CPU.Build.0 = Release|Any CPU
		{B5CEE1AB-68C5-FCEC-EA61-653FFB609ED2}.Release|x64.ActiveCfg = Release|Any CPU
		{B5CEE1AB-68C5-FCEC-EA61-653FFB609ED2}.Release|x64.Build.0 = Release|Any CPU
		{B5CEE1AB-68C5-FCEC-EA61-653FFB609ED2}.Release|x86.ActiveCfg = Release|Any CPU
		{B5CEE1AB-68C5-FCEC-EA61-653FFB609ED2}.Release|x86.Build.0 = Release|Any CPU
		{1733E486-D230-4DEB-B680-394C38D83F9B}.Debug|Any CPU.ActiveCfg = Debug|Any CPU
		{1733E486-D230-4DEB-B680-394C38D83F9B}.Debug|Any CPU.Build.0 = Debug|Any CPU
		{1733E486-D230-4DEB-B680-394C38D83F9B}.Debug|x64.ActiveCfg = Debug|Any CPU
		{1733E486-D230-4DEB-B680-394C38D83F9B}.Debug|x64.Build.0 = Debug|Any CPU
		{1733E486-D230-4DEB-B680-394C38D83F9B}.Debug|x86.ActiveCfg = Debug|Any CPU
		{1733E486-D230-4DEB-B680-394C38D83F9B}.Debug|x86.Build.0 = Debug|Any CPU
		{1733E486-D230-4DEB-B680-394C38D83F9B}.Release|Any CPU.ActiveCfg = Release|Any CPU
		{1733E486-D230-4DEB-B680-394C38D83F9B}.Release|Any CPU.Build.0 = Release|Any CPU
		{1733E486-D230-4DEB-B680-394C38D83F9B}.Release|x64.ActiveCfg = Release|Any CPU
		{1733E486-D230-4DEB-B680-394C38D83F9B}.Release|x64.Build.0 = Release|Any CPU
		{1733E486-D230-4DEB-B680-394C38D83F9B}.Release|x86.ActiveCfg = Release|Any CPU
		{1733E486-D230-4DEB-B680-394C38D83F9B}.Release|x86.Build.0 = Release|Any CPU
		{1E5E24AB-6CCF-422B-8BA3-39220D932A64}.Debug|Any CPU.ActiveCfg = Debug|Any CPU
		{1E5E24AB-6CCF-422B-8BA3-39220D932A64}.Debug|Any CPU.Build.0 = Debug|Any CPU
		{1E5E24AB-6CCF-422B-8BA3-39220D932A64}.Debug|x64.ActiveCfg = Debug|Any CPU
		{1E5E24AB-6CCF-422B-8BA3-39220D932A64}.Debug|x64.Build.0 = Debug|Any CPU
		{1E5E24AB-6CCF-422B-8BA3-39220D932A64}.Debug|x86.ActiveCfg = Debug|Any CPU
		{1E5E24AB-6CCF-422B-8BA3-39220D932A64}.Debug|x86.Build.0 = Debug|Any CPU
		{1E5E24AB-6CCF-422B-8BA3-39220D932A64}.Release|Any CPU.ActiveCfg = Release|Any CPU
		{1E5E24AB-6CCF-422B-8BA3-39220D932A64}.Release|Any CPU.Build.0 = Release|Any CPU
		{1E5E24AB-6CCF-422B-8BA3-39220D932A64}.Release|x64.ActiveCfg = Release|Any CPU
		{1E5E24AB-6CCF-422B-8BA3-39220D932A64}.Release|x64.Build.0 = Release|Any CPU
		{1E5E24AB-6CCF-422B-8BA3-39220D932A64}.Release|x86.ActiveCfg = Release|Any CPU
		{1E5E24AB-6CCF-422B-8BA3-39220D932A64}.Release|x86.Build.0 = Release|Any CPU
	EndGlobalSection
	GlobalSection(SolutionProperties) = preSolution
		HideSolutionNode = FALSE
	EndGlobalSection
	GlobalSection(ExtensibilityGlobals) = postSolution
		SolutionGuid = {358237EA-E6F4-41BE-A404-76A4D237C255}
	EndGlobalSection
EndGlobal
